
Microsoft Visual Studio Solution File, Format Version 12.00
# Visual Studio Version 17
VisualStudioVersion = 17.14.36221.1
MinimumVisualStudioVersion = 10.0.40219.1
Project("{8BC9CEB8-8B4A-11D0-8D11-00A0C91BC942}") = "PG3", "PG3\PG3.vcxproj", "{50738897-D127-4FFA-B3DC-368E14FF0DA7}"
EndProject
Project("{8BC9CEB8-8B4A-11D0-8D11-00A0C91BC942}") = "00_01", "00_01\00_01.vcxproj", "{C92AF791-F916-4CF6-A542-CE145278E254}"
EndProject
Project("{8BC9CEB8-8B4A-11D0-8D11-00A0C91BC942}") = "01_01", "01_01\01_01.vcxproj", "{47DB25AB-FBC5-4BE7-88F6-F38AE8E372E5}"
EndProject
Project("{8BC9CEB8-8B4A-11D0-8D11-00A0C91BC942}") = "01_02", "01_02\01_02.vcxproj", "{8326C5B9-A988-454D-9680-A741B64C5370}"
EndProject
Project("{8BC9CEB8-8B4A-11D0-8D11-00A0C91BC942}") = "02_01", "02_01\02_01.vcxproj", "{6451A037-0EEC-45AE-A8CA-1298AB008FBA}"
EndProject
Project("{8BC9CEB8-8B4A-11D0-8D11-00A0C91BC942}") = "02_02", "02_02\02_02.vcxproj", "{242A02A6-024D-400F-ADC2-2B2E3C30761B}"
EndProject
Project("{8BC9CEB8-8B4A-11D0-8D11-00A0C91BC942}") = "02_03", "02_03\02_03.vcxproj", "{ACA31381-9097-4743-9FDC-3F7F0E78DD08}"
EndProject
Project("{8BC9CEB8-8B4A-11D0-8D11-00A0C91BC942}") = "02_04", "02_04\02_04.vcxproj", "{38409F8A-61CD-4C02-A5F5-AF511FC37922}"
EndProject
Project("{8BC9CEB8-8B4A-11D0-8D11-00A0C91BC942}") = "03_01", "03_01\03_01.vcxproj", "{F0B81719-837D-4AAE-A045-C97EC00331F0}"
EndProject
Project("{8BC9CEB8-8B4A-11D0-8D11-00A0C91BC942}") = "03_02", "03_02\03_02.vcxproj", "{88FD3002-9601-4C79-B5BA-D122FE889685}"
EndProject
Project("{8BC9CEB8-8B4A-11D0-8D11-00A0C91BC942}") = "03_03", "03_03\03_03.vcxproj", "{CB9A0079-9715-4CFA-B302-1FA417D95F99}"
EndProject
Global
	GlobalSection(SolutionConfigurationPlatforms) = preSolution
		Debug|x64 = Debug|x64
		Debug|x86 = Debug|x86
		Release|x64 = Release|x64
		Release|x86 = Release|x86
	EndGlobalSection
	GlobalSection(ProjectConfigurationPlatforms) = postSolution
		{50738897-D127-4FFA-B3DC-368E14FF0DA7}.Debug|x64.ActiveCfg = Debug|x64
		{50738897-D127-4FFA-B3DC-368E14FF0DA7}.Debug|x64.Build.0 = Debug|x64
		{50738897-D127-4FFA-B3DC-368E14FF0DA7}.Debug|x86.ActiveCfg = Debug|Win32
		{50738897-D127-4FFA-B3DC-368E14FF0DA7}.Debug|x86.Build.0 = Debug|Win32
		{50738897-D127-4FFA-B3DC-368E14FF0DA7}.Release|x64.ActiveCfg = Release|x64
		{50738897-D127-4FFA-B3DC-368E14FF0DA7}.Release|x64.Build.0 = Release|x64
		{50738897-D127-4FFA-B3DC-368E14FF0DA7}.Release|x86.ActiveCfg = Release|Win32
		{50738897-D127-4FFA-B3DC-368E14FF0DA7}.Release|x86.Build.0 = Release|Win32
		{C92AF791-F916-4CF6-A542-CE145278E254}.Debug|x64.ActiveCfg = Debug|x64
		{C92AF791-F916-4CF6-A542-CE145278E254}.Debug|x64.Build.0 = Debug|x64
		{C92AF791-F916-4CF6-A542-CE145278E254}.Debug|x86.ActiveCfg = Debug|Win32
		{C92AF791-F916-4CF6-A542-CE145278E254}.Debug|x86.Build.0 = Debug|Win32
		{C92AF791-F916-4CF6-A542-CE145278E254}.Release|x64.ActiveCfg = Release|x64
		{C92AF791-F916-4CF6-A542-CE145278E254}.Release|x64.Build.0 = Release|x64
		{C92AF791-F916-4CF6-A542-CE145278E254}.Release|x86.ActiveCfg = Release|Win32
		{C92AF791-F916-4CF6-A542-CE145278E254}.Release|x86.Build.0 = Release|Win32
		{47DB25AB-FBC5-4BE7-88F6-F38AE8E372E5}.Debug|x64.ActiveCfg = Debug|x64
		{47DB25AB-FBC5-4BE7-88F6-F38AE8E372E5}.Debug|x64.Build.0 = Debug|x64
		{47DB25AB-FBC5-4BE7-88F6-F38AE8E372E5}.Debug|x86.ActiveCfg = Debug|Win32
		{47DB25AB-FBC5-4BE7-88F6-F38AE8E372E5}.Debug|x86.Build.0 = Debug|Win32
		{47DB25AB-FBC5-4BE7-88F6-F38AE8E372E5}.Release|x64.ActiveCfg = Release|x64
		{47DB25AB-FBC5-4BE7-88F6-F38AE8E372E5}.Release|x64.Build.0 = Release|x64
		{47DB25AB-FBC5-4BE7-88F6-F38AE8E372E5}.Release|x86.ActiveCfg = Release|Win32
		{47DB25AB-FBC5-4BE7-88F6-F38AE8E372E5}.Release|x86.Build.0 = Release|Win32
		{8326C5B9-A988-454D-9680-A741B64C5370}.Debug|x64.ActiveCfg = Debug|x64
		{8326C5B9-A988-454D-9680-A741B64C5370}.Debug|x64.Build.0 = Debug|x64
		{8326C5B9-A988-454D-9680-A741B64C5370}.Debug|x86.ActiveCfg = Debug|Win32
		{8326C5B9-A988-454D-9680-A741B64C5370}.Debug|x86.Build.0 = Debug|Win32
		{8326C5B9-A988-454D-9680-A741B64C5370}.Release|x64.ActiveCfg = Release|x64
		{8326C5B9-A988-454D-9680-A741B64C5370}.Release|x64.Build.0 = Release|x64
		{8326C5B9-A988-454D-9680-A741B64C5370}.Release|x86.ActiveCfg = Release|Win32
		{8326C5B9-A988-454D-9680-A741B64C5370}.Release|x86.Build.0 = Release|Win32
		{6451A037-0EEC-45AE-A8CA-1298AB008FBA}.Debug|x64.ActiveCfg = Debug|x64
		{6451A037-0EEC-45AE-A8CA-1298AB008FBA}.Debug|x64.Build.0 = Debug|x64
		{6451A037-0EEC-45AE-A8CA-1298AB008FBA}.Debug|x86.ActiveCfg = Debug|Win32
		{6451A037-0EEC-45AE-A8CA-1298AB008FBA}.Debug|x86.Build.0 = Debug|Win32
		{6451A037-0EEC-45AE-A8CA-1298AB008FBA}.Release|x64.ActiveCfg = Release|x64
		{6451A037-0EEC-45AE-A8CA-1298AB008FBA}.Release|x64.Build.0 = Release|x64
		{6451A037-0EEC-45AE-A8CA-1298AB008FBA}.Release|x86.ActiveCfg = Release|Win32
		{6451A037-0EEC-45AE-A8CA-1298AB008FBA}.Release|x86.Build.0 = Release|Win32
		{242A02A6-024D-400F-ADC2-2B2E3C30761B}.Debug|x64.ActiveCfg = Debug|x64
		{242A02A6-024D-400F-ADC2-2B2E3C30761B}.Debug|x64.Build.0 = Debug|x64
		{242A02A6-024D-400F-ADC2-2B2E3C30761B}.Debug|x86.ActiveCfg = Debug|Win32
		{242A02A6-024D-400F-ADC2-2B2E3C30761B}.Debug|x86.Build.0 = Debug|Win32
		{242A02A6-024D-400F-ADC2-2B2E3C30761B}.Release|x64.ActiveCfg = Release|x64
		{242A02A6-024D-400F-ADC2-2B2E3C30761B}.Release|x64.Build.0 = Release|x64
		{242A02A6-024D-400F-ADC2-2B2E3C30761B}.Release|x86.ActiveCfg = Release|Win32
		{242A02A6-024D-400F-ADC2-2B2E3C30761B}.Release|x86.Build.0 = Release|Win32
		{ACA31381-9097-4743-9FDC-3F7F0E78DD08}.Debug|x64.ActiveCfg = Debug|x64
		{ACA31381-9097-4743-9FDC-3F7F0E78DD08}.Debug|x64.Build.0 = Debug|x64
		{ACA31381-9097-4743-9FDC-3F7F0E78DD08}.Debug|x86.ActiveCfg = Debug|Win32
		{ACA31381-9097-4743-9FDC-3F7F0E78DD08}.Debug|x86.Build.0 = Debug|Win32
		{ACA31381-9097-4743-9FDC-3F7F0E78DD08}.Release|x64.ActiveCfg = Release|x64
		{ACA31381-9097-4743-9FDC-3F7F0E78DD08}.Release|x64.Build.0 = Release|x64
		{ACA31381-9097-4743-9FDC-3F7F0E78DD08}.Release|x86.ActiveCfg = Release|Win32
		{ACA31381-9097-4743-9FDC-3F7F0E78DD08}.Release|x86.Build.0 = Release|Win32
		{38409F8A-61CD-4C02-A5F5-AF511FC37922}.Debug|x64.ActiveCfg = Debug|x64
		{38409F8A-61CD-4C02-A5F5-AF511FC37922}.Debug|x64.Build.0 = Debug|x64
		{38409F8A-61CD-4C02-A5F5-AF511FC37922}.Debug|x86.ActiveCfg = Debug|Win32
		{38409F8A-61CD-4C02-A5F5-AF511FC37922}.Debug|x86.Build.0 = Debug|Win32
		{38409F8A-61CD-4C02-A5F5-AF511FC37922}.Release|x64.ActiveCfg = Release|x64
		{38409F8A-61CD-4C02-A5F5-AF511FC37922}.Release|x64.Build.0 = Release|x64
		{38409F8A-61CD-4C02-A5F5-AF511FC37922}.Release|x86.ActiveCfg = Release|Win32
		{38409F8A-61CD-4C02-A5F5-AF511FC37922}.Release|x86.Build.0 = Release|Win32
		{F0B81719-837D-4AAE-A045-C97EC00331F0}.Debug|x64.ActiveCfg = Debug|x64
		{F0B81719-837D-4AAE-A045-C97EC00331F0}.Debug|x64.Build.0 = Debug|x64
		{F0B81719-837D-4AAE-A045-C97EC00331F0}.Debug|x86.ActiveCfg = Debug|Win32
		{F0B81719-837D-4AAE-A045-C97EC00331F0}.Debug|x86.Build.0 = Debug|Win32
		{F0B81719-837D-4AAE-A045-C97EC00331F0}.Release|x64.ActiveCfg = Release|x64
		{F0B81719-837D-4AAE-A045-C97EC00331F0}.Release|x64.Build.0 = Release|x64
		{F0B81719-837D-4AAE-A045-C97EC00331F0}.Release|x86.ActiveCfg = Release|Win32
		{F0B81719-837D-4AAE-A045-C97EC00331F0}.Release|x86.Build.0 = Release|Win32
		{88FD3002-9601-4C79-B5BA-D122FE889685}.Debug|x64.ActiveCfg = Debug|x64
		{88FD3002-9601-4C79-B5BA-D122FE889685}.Debug|x64.Build.0 = Debug|x64
		{88FD3002-9601-4C79-B5BA-D122FE889685}.Debug|x86.ActiveCfg = Debug|Win32
		{88FD3002-9601-4C79-B5BA-D122FE889685}.Debug|x86.Build.0 = Debug|Win32
		{88FD3002-9601-4C79-B5BA-D122FE889685}.Release|x64.ActiveCfg = Release|x64
		{88FD3002-9601-4C79-B5BA-D122FE889685}.Release|x64.Build.0 = Release|x64
		{88FD3002-9601-4C79-B5BA-D122FE889685}.Release|x86.ActiveCfg = Release|Win32
		{88FD3002-9601-4C79-B5BA-D122FE889685}.Release|x86.Build.0 = Release|Win32
		{CB9A0079-9715-4CFA-B302-1FA417D95F99}.Debug|x64.ActiveCfg = Debug|x64
		{CB9A0079-9715-4CFA-B302-1FA417D95F99}.Debug|x64.Build.0 = Debug|x64
		{CB9A0079-9715-4CFA-B302-1FA417D95F99}.Debug|x86.ActiveCfg = Debug|Win32
		{CB9A0079-9715-4CFA-B302-1FA417D95F99}.Debug|x86.Build.0 = Debug|Win32
		{CB9A0079-9715-4CFA-B302-1FA417D95F99}.Release|x64.ActiveCfg = Release|x64
		{CB9A0079-9715-4CFA-B302-1FA417D95F99}.Release|x64.Build.0 = Release|x64
		{CB9A0079-9715-4CFA-B302-1FA417D95F99}.Release|x86.ActiveCfg = Release|Win32
		{CB9A0079-9715-4CFA-B302-1FA417D95F99}.Release|x86.Build.0 = Release|Win32
	EndGlobalSection
	GlobalSection(SolutionProperties) = preSolution
		HideSolutionNode = FALSE
	EndGlobalSection
	GlobalSection(ExtensibilityGlobals) = postSolution
		SolutionGuid = {4BE1C3BB-8C40-431A-ACC2-0E4FBF00CEE4}
	EndGlobalSection
EndGlobal
